
Microsoft Visual Studio Solution File, Format Version 12.00
# Visual Studio Version 17
VisualStudioVersion = 17.6.33815.320
MinimumVisualStudioVersion = 10.0.40219.1
Project("{9A19103F-16F7-4668-BE54-9A1E7A4F7556}") = "GPA_Calculator", "GPA_Calculator.csproj", "{FAD3E202-E507-46DC-8FE8-E87FD1327A33}"
EndProject
Global
	GlobalSection(SolutionConfigurationPlatforms) = preSolution
		Debug|Any CPU = Debug|Any CPU
		Release|Any CPU = Release|Any CPU
	EndGlobalSection
	GlobalSection(ProjectConfigurationPlatforms) = postSolution
		{FAD3E202-E507-46DC-8FE8-E87FD1327A33}.Debug|Any CPU.ActiveCfg = Debug|Any CPU
		{FAD3E202-E507-46DC-8FE8-E87FD1327A33}.Debug|Any CPU.Build.0 = Debug|Any CPU
		{FAD3E202-E507-46DC-8FE8-E87FD1327A33}.Release|Any CPU.ActiveCfg = Release|Any CPU
		{FAD3E202-E507-46DC-8FE8-E87FD1327A33}.Release|Any CPU.Build.0 = Release|Any CPU
	EndGlobalSection
	GlobalSection(SolutionProperties) = preSolution
		HideSolutionNode = FALSE
	EndGlobalSection
	GlobalSection(ExtensibilityGlobals) = postSolution
		SolutionGuid = {08DA3E48-BB38-456A-A29E-FA02DAA0DAEA}
	EndGlobalSection
EndGlobal
